{
  "version": 4,
  "terraform_version": "1.9.2",
  "serial": 2,
  "lineage": "18fe1c0e-1d85-03d1-7a98-279b4ca8a0ac",
  "outputs": {
    "vpcid": {
      "value": "vpc-07b997a92f43892c0",
      "type": "string"
    }
  },
  "resources": [
    {
      "mode": "managed",
      "type": "aws_vpc",
      "name": "myvpc",
      "provider": "provider[\"registry.terraform.io/hashicorp/aws\"]",
      "instances": [
        {
          "schema_version": 1,
          "attributes": {
            "arn": "arn:aws:ec2:eu-north-1:339712718513:vpc/vpc-07b997a92f43892c0",
            "assign_generated_ipv6_cidr_block": false,
            "cidr_block": "10.0.0.0/16",
            "default_network_acl_id": "acl-02f4d105d5f9303ef",
            "default_route_table_id": "rtb-05aab35aa50f9f5af",
            "default_security_group_id": "sg-0afcf71305919845d",
            "dhcp_options_id": "dopt-0203915b77086ab68",
            "enable_dns_hostnames": false,
            "enable_dns_support": true,
            "enable_network_address_usage_metrics": false,
            "id": "vpc-07b997a92f43892c0",
            "instance_tenancy": "default",
            "ipv4_ipam_pool_id": null,
            "ipv4_netmask_length": null,
            "ipv6_association_id": "",
            "ipv6_cidr_block": "",
            "ipv6_cidr_block_network_border_group": "",
            "ipv6_ipam_pool_id": "",
            "ipv6_netmask_length": 0,
            "main_route_table_id": "rtb-05aab35aa50f9f5af",
            "owner_id": "339712718513",
            "tags": {
              "Name": "var.inputname"
            },
            "tags_all": {
              "Name": "var.inputname"
            }
          },
          "sensitive_attributes": [],
          "private": "eyJzY2hlbWFfdmVyc2lvbiI6IjEifQ=="
        }
      ]
    }
  ],
  "check_results": null
}
